# This file is automatically @generated by Poetry 2.1.2 and should not be changed by hand.

[[package]]
name = "asgiref"
version = "3.11.1"
description = "ASGI specs, helper code, and adapters"
optional = false
python-versions = ">=3.9"
groups = ["main"]
files = [
    {file = "asgiref-3.11.1-py3-none-any.whl", hash = "sha256:e8667a091e69529631969fd45dc268fa79b99c92c5fcdda727757e52146ec133"},
    {file = "asgiref-3.11.1.tar.gz", hash = "sha256:5f184dc43b7e763efe848065441eac62229c9f7b0475f41f80e207a114eda4ce"},
]

[package.extras]
tests = ["mypy (>=1.14.0)", "pytest", "pytest-asyncio"]

[[package]]
name = "asttokens"
version = "3.0.1"
description = "Annotate AST trees with source code positions"
optional = false
python-versions = ">=3.8"
groups = ["dev"]
files = [
    {file = "asttokens-3.0.1-py3-none-any.whl", hash = "sha256:15a3ebc0f43c2d0a50eeafea25e19046c68398e487b9f1f5b517f7c0f40f976a"},
    {file = "asttokens-3.0.1.tar.gz", hash = "sha256:71a4ee5de0bde6a31d64f6b13f2293ac190344478f081c3d1bccfcf5eacb0cb7"},
]

[package.extras]
astroid = ["astroid (>=2,<5)"]
test = ["astroid (>=2,<5)", "pytest (<9.0)", "pytest-cov", "pytest-xdist"]

[[package]]
name = "colorama"
version = "0.4.6"
description = "Cross-platform colored terminal text."
optional = false
python-versions = "!=3.0.*,!=3.1.*,!=3.2.*,!=3.3.*,!=3.4.*,!=3.5.*,!=3.6.*,>=2.7"
groups = ["dev"]
markers = "sys_platform == \"win32\""
files = [
    {file = "colorama-0.4.6-py2.py3-none-any.whl", hash = "sha256:4f1d9991f5acc0ca119f9d443620b77f9d6b33703e51011c16baf57afb285fc6"},
    {file = "colorama-0.4.6.tar.gz", hash = "sha256:08695f5cb7ed6e0531a20572697297273c47b8cae5a63ffc6d6ed5c201be6e44"},
]

[[package]]
name = "decorator"
version = "5.3.1"
description = "Decorators for Humans"
optional = false
python-versions = ">=3.8"
groups = ["dev"]
files = [
    {file = "decorator-5.3.1-py3-none-any.whl", hash = "sha256:f47fe6fdbd2edd623ecfe36875d37aba411624e2670dd395dddae1358689bb3c"},
    {file = "decorator-5.3.1.tar.gz", hash = "sha256:4cbcdd55a6efadb9dbea26b858f4fb3264567b52d69ca0d25b721b553f60ea82"},
]

[[package]]
name = "django"
version = "6.0.6"
description = "A high-level Python web framework that encourages rapid development and clean, pragmatic design."
optional = false
python-versions = ">=3.12"
groups = ["main"]
files = [
    {file = "django-6.0.6-py3-none-any.whl", hash = "sha256:25148b1194c47c2e685e5f5e9c5d59c78b075dfd282cb9618861ba6c1708f4d2"},
    {file = "django-6.0.6.tar.gz", hash = "sha256:ad03916ba59523d781ae5c3f631960c23d69a9d9c43cecda52fc23b47e953713"},
]

[package.dependencies]
asgiref = ">=3.9.1"
sqlparse = ">=0.5.0"
tzdata = {version = "*", markers = "sys_platform == \"win32\""}

[package.extras]
argon2 = ["argon2-cffi (>=23.1.0)"]
bcrypt = ["bcrypt (>=4.1.1)"]

[[package]]
name = "django-cors-headers"
version = "4.9.0"
description = "django-cors-headers is a Django application for handling the server headers required for Cross-Origin Resource Sharing (CORS)."
optional = false
python-versions = ">=3.9"
groups = ["main"]
files = [
    {file = "django_cors_headers-4.9.0-py3-none-any.whl", hash = "sha256:15c7f20727f90044dcee2216a9fd7303741a864865f0c3657e28b7056f61b449"},
    {file = "django_cors_headers-4.9.0.tar.gz", hash = "sha256:fe5d7cb59fdc2c8c646ce84b727ac2bca8912a247e6e68e1fb507372178e59e8"},
]

[package.dependencies]
asgiref = ">=3.6"
django = ">=4.2"

[[package]]
name = "django-environ"
version = "0.14.0"
description = "A package that allows you to utilize 12factor inspired environment variables to configure your Django application."
optional = false
python-versions = "<4,>=3.9"
groups = ["main"]
files = [
    {file = "django_environ-0.14.0-py3-none-any.whl", hash = "sha256:8dbe8a57f0a540ab8abd6f54f230de5e99e3a2c9d797cb9caecb037bca3d47d8"},
    {file = "django_environ-0.14.0.tar.gz", hash = "sha256:b6c48d93b9d2ff8a3ea14099e90c35aa4f101c1b4d5f262dfee0d27b06742ed7"},
]

[package.extras]
develop = ["coverage[toml] (>=5.0a4)", "furo (>=2024.8.6)", "pytest (>=4.6.11)", "setuptools (>=71.0.0)", "sphinx (>=5.0)", "sphinx-copybutton", "sphinx-notfound-page"]
docs = ["furo (>=2024.8.6)", "sphinx (>=5.0)", "sphinx-copybutton", "sphinx-notfound-page"]
testing = ["coverage[toml] (>=5.0a4)", "pytest (>=4.6.11)", "setuptools (>=71.0.0)"]

[[package]]
name = "django-extensions"
version = "4.1"
description = "Extensions for Django"
optional = false
python-versions = ">=3.9"
groups = ["main"]
files = [
    {file = "django_extensions-4.1-py3-none-any.whl", hash = "sha256:0699a7af28f2523bf8db309a80278519362cd4b6e1fd0a8cd4bf063e1e023336"},
    {file = "django_extensions-4.1.tar.gz", hash = "sha256:7b70a4d28e9b840f44694e3f7feb54f55d495f8b3fa6c5c0e5e12bcb2aa3cdeb"},
]

[package.dependencies]
django = ">=4.2"

[[package]]
name = "djangorestframework"
version = "3.17.1"
description = "Web APIs for Django, made easy."
optional = false
python-versions = ">=3.10"
groups = ["main"]
files = [
    {file = "djangorestframework-3.17.1-py3-none-any.whl", hash = "sha256:c3c74dd3e83a5a3efc37b3c18d92bd6f86a6791c7b7d4dff62bb068500e76457"},
    {file = "djangorestframework-3.17.1.tar.gz", hash = "sha256:a6def5f447fe78ff853bff1d47a3c59bf38f5434b031780b351b0c73a62db1a5"},
]

[package.dependencies]
django = ">=4.2"

[[package]]
name = "executing"
version = "2.2.1"
description = "Get the currently executing AST node of a frame, and other information"
optional = false
python-versions = ">=3.8"
groups = ["dev"]
files = [
    {file = "executing-2.2.1-py2.py3-none-any.whl", hash = "sha256:760643d3452b4d777d295bb167ccc74c64a81df23fb5e08eff250c425a4b2017"},
    {file = "executing-2.2.1.tar.gz", hash = "sha256:3632cc370565f6648cc328b32435bd120a1e4ebb20c77e3fdde9a13cd1e533c4"},
]

[package.extras]
tests = ["asttokens (>=2.1.0)", "coverage", "coverage-enable-subprocess", "ipython", "littleutils", "pytest", "rich ; python_version >= \"3.11\""]

[[package]]
name = "gunicorn"
version = "26.0.0"
description = "WSGI HTTP Server for UNIX"
optional = false
python-versions = ">=3.10"
groups = ["main"]
files = [
    {file = "gunicorn-26.0.0-py3-none-any.whl", hash = "sha256:40233d26a5f0d1872916188c276e21641155111c2853f0c2cd55260aec0d24fc"},
    {file = "gunicorn-26.0.0.tar.gz", hash = "sha256:ca9346f85e3a4aeeb64d491045c16b9a35647abd37ea15efe53080eb8b090baf"},
]

[package.dependencies]
packaging = "*"

[package.extras]
fast = ["gunicorn_h1c (>=0.6.5)"]
gevent = ["gevent (>=24.10.1)"]
http2 = ["h2 (>=4.1.0)"]
setproctitle = ["setproctitle"]
testing = ["coverage", "gevent (>=24.10.1)", "h2 (>=4.1.0)", "httpx[http2]", "pytest", "pytest-asyncio", "pytest-cov", "uvloop (>=0.19.0)"]
tornado = ["tornado (>=6.5.0)"]

[[package]]
name = "ipython"
version = "9.15.0"
description = "IPython: Productive Interactive Computing"
optional = false
python-versions = ">=3.11"
groups = ["dev"]
files = [
    {file = "ipython-9.15.0-py3-none-any.whl", hash = "sha256:515ad9c3cdf0c932a5a9f6245419e8aba706b7bd03c3e1d3a1c83d9351d6aa6e"},
    {file = "ipython-9.15.0.tar.gz", hash = "sha256:da2819ce2aa83135257df830660b1176d986c3d2876db24df01974fa955b2756"},
]

[package.dependencies]
colorama = {version = ">=0.4.4", markers = "sys_platform == \"win32\""}
decorator = ">=5.1.0"
ipython-pygments-lexers = ">=1.0.0"
jedi = ">=0.18.2"
matplotlib-inline = ">=0.1.6"
pexpect = {version = ">4.6", markers = "sys_platform != \"win32\" and sys_platform != \"emscripten\""}
prompt_toolkit = ">=3.0.41,<3.1.0"
psutil = {version = ">=7", markers = "sys_platform != \"emscripten\" and sys_platform != \"cygwin\""}
pygments = ">=2.14.0"
stack_data = ">=0.6.0"
traitlets = ">=5.13.0"

[package.extras]
all = ["argcomplete (>=3.0)", "ipython[doc,matplotlib,terminal,test,test-extra]", "types-decorator"]
black = ["black"]
doc = ["docrepr", "exceptiongroup", "intersphinx_registry", "ipykernel", "ipython[matplotlib,test]", "setuptools (>=80.0)", "sphinx (>=8.0)", "sphinx-rtd-theme (>=0.1.8)", "sphinx_toml (==0.0.4)", "typing_extensions"]
matplotlib = ["matplotlib (>3.9)"]
test = ["packaging (>=23.0.0)", "pytest (>=7.0.0)", "pytest-asyncio (>=1.0.0)", "setuptools (>=80.0)", "testpath (>=0.2)"]
test-extra = ["curio", "ipykernel (>6.30)", "ipython[matplotlib]", "ipython[test]", "jupyter_ai", "nbclient", "nbformat", "numpy (>=2.0)", "pandas (>2.1)", "trio (>=0.22.0)"]

[[package]]
name = "ipython-pygments-lexers"
version = "1.1.1"
description = "Defines a variety of Pygments lexers for highlighting IPython code."
optional = false
python-versions = ">=3.8"
groups = ["dev"]
files = [
    {file = "ipython_pygments_lexers-1.1.1-py3-none-any.whl", hash = "sha256:a9462224a505ade19a605f71f8fa63c2048833ce50abc86768a0d81d876dc81c"},
    {file = "ipython_pygments_lexers-1.1.1.tar.gz", hash = "sha256:09c0138009e56b6854f9535736f4171d855c8c08a563a0dcd8022f78355c7e81"},
]

[package.dependencies]
pygments = "*"

[[package]]
name = "isort"
version = "8.0.1"
description = "A Python utility / library to sort Python imports."
optional = false
python-versions = ">=3.10.0"
groups = ["dev"]
files = [
    {file = "isort-8.0.1-py3-none-any.whl", hash = "sha256:28b89bc70f751b559aeca209e6120393d43fbe2490de0559662be7a9787e3d75"},
    {file = "isort-8.0.1.tar.gz", hash = "sha256:171ac4ff559cdc060bcfff550bc8404a486fee0caab245679c2abe7cb253c78d"},
]

[package.extras]
colors = ["colorama"]

[[package]]
name = "jedi"
version = "0.20.0"
description = "An autocompletion tool for Python that can be used for text editors."
optional = false
python-versions = ">=3.10"
groups = ["dev"]
files = [
    {file = "jedi-0.20.0-py2.py3-none-any.whl", hash = "sha256:7bdd9c2634f56713299976f4cbd59cb3fa92165cc5e05ea811fb253480728b67"},
    {file = "jedi-0.20.0.tar.gz", hash = "sha256:c3f4ccbd276696f4b19c54618d4fb18f9fc24b0aef02acf704b23f487daa1011"},
]

[package.dependencies]
parso = ">=0.8.6,<0.9.0"

[package.extras]
dev = ["Django", "attrs", "colorama", "docopt", "flake8 (==7.1.2)", "pytest (<9.0.0)", "types-setuptools (==80.9.0.20250529)", "typing-extensions", "zuban (==0.7.0)"]
docs = ["Jinja2 (==3.1.6)", "MarkupSafe (==3.0.3)", "Pygments (==2.20.0)", "Sphinx (==9.1.0)", "alabaster (==1.0.0)", "babel (==2.18.0)", "certifi (==2026.4.22)", "charset-normalizer (==3.4.7)", "docutils (==0.22.4)", "idna (==3.13)", "imagesize (==2.0.0)", "iniconfig (==2.3.0)", "packaging (==26.2)", "pluggy (==1.6.0)", "pytest (==9.0.3)", "requests (==2.33.1)", "roman-numerals (==4.1.0)", "snowballstemmer (==3.0.1)", "sphinx-rtd-theme (==3.1.0)", "sphinxcontrib-applehelp (==2.0.0)", "sphinxcontrib-devhelp (==2.0.0)", "sphinxcontrib-htmlhelp (==2.1.0)", "sphinxcontrib-jquery (==4.1)", "sphinxcontrib-jsmath (==1.0.1)", "sphinxcontrib-qthelp (==2.0.0)", "sphinxcontrib-serializinghtml (==2.0.0)", "urllib3 (==2.6.3)"]

[[package]]
name = "matplotlib-inline"
version = "0.2.2"
description = "Inline Matplotlib backend for Jupyter"
optional = false
python-versions = ">=3.9"
groups = ["dev"]
files = [
    {file = "matplotlib_inline-0.2.2-py3-none-any.whl", hash = "sha256:3c821cf1c209f59fb2d2d64abbf5b23b67bcb2210d663f9918dd851c6da1fcf6"},
    {file = "matplotlib_inline-0.2.2.tar.gz", hash = "sha256:72f3fe8fce36b70d4a5b612f899090cd0401deddc4ea90e1572b9f4bfb058c79"},
]

[package.dependencies]
traitlets = "*"

[package.extras]
test = ["flake8", "matplotlib", "nbdime", "nbval", "notebook", "pytest"]

[[package]]
name = "packaging"
version = "26.2"
description = "Core utilities for Python packages"
optional = false
python-versions = ">=3.8"
groups = ["main", "dev"]
files = [
    {file = "packaging-26.2-py3-none-any.whl", hash = "sha256:5fc45236b9446107ff2415ce77c807cee2862cb6fac22b8a73826d0693b0980e"},
    {file = "packaging-26.2.tar.gz", hash = "sha256:ff452ff5a3e828ce110190feff1178bb1f2ea2281fa2075aadb987c2fb221661"},
]

[[package]]
name = "parso"
version = "0.8.7"
description = "A Python Parser"
optional = false
python-versions = ">=3.6"
groups = ["dev"]
files = [
    {file = "parso-0.8.7-py2.py3-none-any.whl", hash = "sha256:a8926eb2a1b915486941fdbd31e86a4baf88fe8c210f25f2f35ecec5b574ca1c"},
    {file = "parso-0.8.7.tar.gz", hash = "sha256:eaaac4c9fdd5e9e8852dc778d2d7405897ec510f2a298071453e5e3a07914bb1"},
]

[package.extras]
qa = ["flake8 (==5.0.4)", "types-setuptools (==67.2.0.1)", "zuban (==0.5.1)"]
testing = ["docopt", "pytest"]

[[package]]
name = "pexpect"
version = "4.9.0"
description = "Pexpect allows easy control of interactive console applications."
optional = false
python-versions = "*"
groups = ["dev"]
markers = "sys_platform != \"win32\" and sys_platform != \"emscripten\""
files = [
    {file = "pexpect-4.9.0-py2.py3-none-any.whl", hash = "sha256:7236d1e080e4936be2dc3e326cec0af72acf9212a7e1d060210e70a47e253523"},
    {file = "pexpect-4.9.0.tar.gz", hash = "sha256:ee7d41123f3c9911050ea2c2dac107568dc43b2d3b0c7557a33212c398ead30f"},
]

[package.dependencies]
ptyprocess = ">=0.5"

[[package]]
name = "prompt-toolkit"
version = "3.0.52"
description = "Library for building powerful interactive command lines in Python"
optional = false
python-versions = ">=3.8"
groups = ["dev"]
files = [
    {file = "prompt_toolkit-3.0.52-py3-none-any.whl", hash = "sha256:9aac639a3bbd33284347de5ad8d68ecc044b91a762dc39b7c21095fcd6a19955"},
    {file = "prompt_toolkit-3.0.52.tar.gz", hash = "sha256:28cde192929c8e7321de85de1ddbe736f1375148b02f2e17edd840042b1be855"},
]

[package.dependencies]
wcwidth = "*"

[[package]]
name = "psutil"
version = "7.2.2"
description = "Cross-platform lib for process and system monitoring."
optional = false
python-versions = ">=3.6"
groups = ["dev"]
markers = "sys_platform != \"emscripten\" and sys_platform != \"cygwin\""
files = [
    {file = "psutil-7.2.2-cp313-cp313t-macosx_10_13_x86_64.whl", hash = "sha256:2edccc433cbfa046b980b0df0171cd25bcaeb3a68fe9022db0979e7aa74a826b"},
    {file = "psutil-7.2.2-cp313-cp313t-macosx_11_0_arm64.whl", hash = "sha256:e78c8603dcd9a04c7364f1a3e670cea95d51ee865e4efb3556a3a63adef958ea"},
    {file = "psutil-7.2.2-cp313-cp313t-manylinux2010_x86_64.manylinux_2_12_x86_64.manylinux_2_28_x86_64.whl", hash = "sha256:1a571f2330c966c62aeda00dd24620425d4b0cc86881c89861fbc04549e5dc63"},
    {file = "psutil-7.2.2-cp313-cp313t-manylinux2014_aarch64.manylinux_2_17_aarch64.manylinux_2_28_aarch64.whl", hash = "sha256:917e891983ca3c1887b4ef36447b1e0873e70c933afc831c6b6da078ba474312"},
    {file = "psutil-7.2.2-cp313-cp313t-win_amd64.whl", hash = "sha256:ab486563df44c17f5173621c7b198955bd6b613fb87c71c161f827d3fb149a9b"},
    {file = "psutil-7.2.2-cp313-cp313t-win_arm64.whl", hash = "sha256:ae0aefdd8796a7737eccea863f80f81e468a1e4cf14d926bd9b6f5f2d5f90ca9"},
    {file = "psutil-7.2.2-cp314-cp314t-macosx_10_15_x86_64.whl", hash = "sha256:eed63d3b4d62449571547b60578c5b2c4bcccc5387148db46e0c2313dad0ee00"},
    {file = "psutil-7.2.2-cp314-cp314t-macosx_11_0_arm64.whl", hash = "sha256:7b6d09433a10592ce39b13d7be5a54fbac1d1228ed29abc880fb23df7cb694c9"},
    {file = "psutil-7.2.2-cp314-cp314t-manylinux2010_x86_64.manylinux_2_12_x86_64.manylinux_2_28_x86_64.whl", hash = "sha256:1fa4ecf83bcdf6e6c8f4449aff98eefb5d0604bf88cb883d7da3d8d2d909546a"},
    {file = "psutil-7.2.2-cp314-cp314t-manylinux2014_aarch64.manylinux_2_17_aarch64.manylinux_2_28_aarch64.whl", hash = "sha256:e452c464a02e7dc7822a05d25db4cde564444a67e58539a00f929c51eddda0cf"},
    {file = "psutil-7.2.2-cp314-cp314t-win_amd64.whl", hash = "sha256:c7663d4e37f13e884d13994247449e9f8f574bc4655d509c3b95e9ec9e2b9dc1"},
    {file = "psutil-7.2.2-cp314-cp314t-win_arm64.whl", hash = "sha256:11fe5a4f613759764e79c65cf11ebdf26e33d6dd34336f8a337aa2996d71c841"},
    {file = "psutil-7.2.2-cp36-abi3-macosx_10_9_x86_64.whl", hash = "sha256:ed0cace939114f62738d808fdcecd4c869222507e266e574799e9c0faa17d486"},
    {file = "psutil-7.2.2-cp36-abi3-macosx_11_0_arm64.whl", hash = "sha256:1a7b04c10f32cc88ab39cbf606e117fd74721c831c98a27dc04578deb0c16979"},
    {file = "psutil-7.2.2-cp36-abi3-manylinux2010_x86_64.manylinux_2_12_x86_64.manylinux_2_28_x86_64.whl", hash = "sha256:076a2d2f923fd4821644f5ba89f059523da90dc9014e85f8e45a5774ca5bc6f9"},
    {file = "psutil-7.2.2-cp36-abi3-manylinux2014_aarch64.manylinux_2_17_aarch64.manylinux_2_28_aarch64.whl", hash = "sha256:b0726cecd84f9474419d67252add4ac0cd9811b04d61123054b9fb6f57df6e9e"},
    {file = "psutil-7.2.2-cp36-abi3-musllinux_1_2_aarch64.whl", hash = "sha256:fd04ef36b4a6d599bbdb225dd1d3f51e00105f6d48a28f006da7f9822f2606d8"},
    {file = "psutil-7.2.2-cp36-abi3-musllinux_1_2_x86_64.whl", hash = "sha256:b58fabe35e80b264a4e3bb23e6b96f9e45a3df7fb7eed419ac0e5947c61e47cc"},
    {file = "psutil-7.2.2-cp37-abi3-win_amd64.whl", hash = "sha256:eb7e81434c8d223ec4a219b5fc1c47d0417b12be7ea866e24fb5ad6e84b3d988"},
    {file = "psutil-7.2.2-cp37-abi3-win_arm64.whl", hash = "sha256:8c233660f575a5a89e6d4cb65d9f938126312bca76d8fe087b947b3a1aaac9ee"},
    {file = "psutil-7.2.2.tar.gz", hash = "sha256:0746f5f8d406af344fd547f1c8daa5f5c33dbc293bb8d6a16d80b4bb88f59372"},
]

[package.extras]
dev = ["abi3audit", "black", "check-manifest", "colorama ; os_name == \"nt\"", "coverage", "packaging", "psleak", "pylint", "pyperf", "pypinfo", "pyreadline3 ; os_name == \"nt\"", "pytest", "pytest-cov", "pytest-instafail", "pytest-xdist", "pywin32 ; os_name == \"nt\" and implementation_name != \"pypy\"", "requests", "rstcheck", "ruff", "setuptools", "sphinx", "sphinx_rtd_theme", "toml-sort", "twine", "validate-pyproject[all]", "virtualenv", "vulture", "wheel", "wheel ; os_name == \"nt\" and implementation_name != \"pypy\"", "wmi ; os_name == \"nt\" and implementation_name != \"pypy\""]
test = ["psleak", "pytest", "pytest-instafail", "pytest-xdist", "pywin32 ; os_name == \"nt\" and implementation_name != \"pypy\"", "setuptools", "wheel ; os_name == \"nt\" and implementation_name != \"pypy\"", "wmi ; os_name == \"nt\" and implementation_name != \"pypy\""]

[[package]]
name = "psycopg2-binary"
version = "2.9.12"
description = "psycopg2 - Python-PostgreSQL Database Adapter"
optional = false
python-versions = ">=3.9"
groups = ["main"]
files = [
    {file = "psycopg2_binary-2.9.12-cp310-cp310-macosx_10_9_x86_64.whl", hash = "sha256:9b818ceff717f98851a64bffd4c5eb5b3059ae280276dcecc52ac658dcf006a4"},
    {file = "psycopg2_binary-2.9.12-cp310-cp310-macosx_11_0_arm64.whl", hash = "sha256:d2fa0d7caca8635c56e373055094eeda3208d901d55dd0ff5abc1d4e47f82b56"},
    {file = "psycopg2_binary-2.9.12-cp310-cp310-manylinux2014_ppc64le.manylinux_2_17_ppc64le.whl", hash = "sha256:864c261b3690e1207d14bbfe0a61e27567981b80c47a778561e49f676f7ce433"},
    {file = "psycopg2_binary-2.9.12-cp310-cp310-manylinux2014_x86_64.manylinux_2_17_x86_64.whl", hash = "sha256:c5ee5213445dd45312459029b8c4c0a695461eb517b753d2582315bd07995f5e"},
    {file = "psycopg2_binary-2.9.12-cp310-cp310-manylinux_2_27_aarch64.manylinux_2_28_aarch64.whl", hash = "sha256:6f9cae1f848779b5b01f417e762c40d026ea93eb0648249a604728cda991dde3"},
    {file = "psycopg2_binary-2.9.12-cp310-cp310-manylinux_2_38_riscv64.manylinux_2_39_riscv64.whl", hash = "sha256:63a3ebbd543d3d1eda088ac99164e8c5bac15293ee91f20281fd17d050aee1c4"},
    {file = "psycopg2_binary-2.9.12-cp310-cp310-musllinux_1_2_aarch64.whl", hash = "sha256:d6fcbba8c9fed08a73b8ac61ea79e4821e45b1e92bb466230c5e746bbf3d5256"},
    {file = "psycopg2_binary-2.9.12-cp310-cp310-musllinux_1_2_ppc64le.whl", hash = "sha256:36512911ebb2b60a0c3e44d0bb5048c1980aced91235d133b7874f3d1d93487c"},
    {file = "psycopg2_binary-2.9.12-cp310-cp310-musllinux_1_2_riscv64.whl", hash = "sha256:8ffdb59fe88f99589e34354a130217aa1fd2d615612402d6edc8b3dbc7a44463"},
    {file = "psycopg2_binary-2.9.12-cp310-cp310-musllinux_1_2_x86_64.whl", hash = "sha256:a46fe069b65255df410f856d842bc235f90e22ffdf532dda625fd4213d3fd9b1"},
    {file = "psycopg2_binary-2.9.12-cp310-cp310-win_amd64.whl", hash = "sha256:ab29414b25dcb698bf26bf213e3348abdcd07bbd5de032a5bec15bd75b298b03"},
    {file = "psycopg2_binary-2.9.12-cp311-cp311-macosx_10_9_x86_64.whl", hash = "sha256:5c8ce6c61bd1b1f6b9c24ee32211599f6166af2c55abb19456090a21fd16554b"},
    {file = "psycopg2_binary-2.9.12-cp311-cp311-macosx_11_0_arm64.whl", hash = "sha256:b4a9eaa6e7f4ff91bec10aa3fb296878e75187bced5cc4bafe17dc40915e1326"},
    {file = "psycopg2_binary-2.9.12-cp311-cp311-manylinux2014_ppc64le.manylinux_2_17_ppc64le.whl", hash = "sha256:c6528cefc8e50fcc6f4a107e27a672058b36cc5736d665476aeb413ba88dbb06"},
    {file = "psycopg2_binary-2.9.12-cp311-cp311-manylinux2014_x86_64.manylinux_2_17_x86_64.whl", hash = "sha256:e4e184b1fb6072bf05388aa41c697e1b2d01b3473f107e7ec44f186a32cfd0b8"},
    {file = "psycopg2_binary-2.9.12-cp311-cp311-manylinux_2_27_aarch64.manylinux_2_28_aarch64.whl", hash = "sha256:4766ab678563054d3f1d064a4db19cc4b5f9e3a8d9018592a8285cf200c248f3"},
    {file = "psycopg2_binary-2.9.12-cp311-cp311-manylinux_2_38_riscv64.manylinux_2_39_riscv64.whl", hash = "sha256:5a0253224780c978746cb9be55a946bcdaf40fe3519c0f622924cdabdafe2c39"},
    {file = "psycopg2_binary-2.9.12-cp311-cp311-musllinux_1_2_aarch64.whl", hash = "sha256:0dc9228d47c46bda253d2ecd6bb93b56a9f2d7ad33b684a1fa3622bf74ffe30c"},
    {file = "psycopg2_binary-2.9.12-cp311-cp311-musllinux_1_2_ppc64le.whl", hash = "sha256:f921f3cd87035ef7df233383011d7a53ea1d346224752c1385f1edfd790ceb6a"},
    {file = "psycopg2_binary-2.9.12-cp311-cp311-musllinux_1_2_riscv64.whl", hash = "sha256:3d999bd982a723113c1a45b55a7a6a90d64d0ed2278020ed625c490ff7bef96c"},
    {file = "psycopg2_binary-2.9.12-cp311-cp311-musllinux_1_2_x86_64.whl", hash = "sha256:29d4d134bd0ab46ffb04e94aa3c5fa3ef582e9026609165e2f758ff76fc3a3be"},
    {file = "psycopg2_binary-2.9.12-cp311-cp311-win_amd64.whl", hash = "sha256:cb4a1dacdd48077150dc762a9e5ddbf32c256d66cb46f80839391aa458774936"},
    {file = "psycopg2_binary-2.9.12-cp312-cp312-macosx_10_13_x86_64.whl", hash = "sha256:5cdc05117180c5fa9c40eea8ea559ce64d73824c39d928b7da9fb5f6a9392433"},
    {file = "psycopg2_binary-2.9.12-cp312-cp312-macosx_11_0_arm64.whl", hash = "sha256:d3227a3bc228c10d21011a99245edca923e4e8bf461857e869a507d9a41fe9f6"},
    {file = "psycopg2_binary-2.9.12-cp312-cp312-manylinux2014_ppc64le.manylinux_2_17_ppc64le.whl", hash = "sha256:995ce929eede89db6254b50827e2b7fd61e50d11f0b116b29fffe4a2e53c4580"},
    {file = "psycopg2_binary-2.9.12-cp312-cp312-manylinux2014_x86_64.manylinux_2_17_x86_64.whl", hash = "sha256:9fe06d93e72f1c048e731a2e3e7854a5bfaa58fc736068df90b352cefe66f03f"},
    {file = "psycopg2_binary-2.9.12-cp312-cp312-manylinux_2_27_aarch64.manylinux_2_28_aarch64.whl", hash = "sha256:40e7b28b63aaf737cb3a1edc3a9bbc9a9f4ad3dcb7152e8c1130e4050eddcb7d"},
    {file = "psycopg2_binary-2.9.12-cp312-cp312-manylinux_2_38_riscv64.manylinux_2_39_riscv64.whl", hash = "sha256:89d19a9f7899e8eb0656a2b3a08e0da04c720a06db6e0033eab5928aabe60fa9"},
    {file = "psycopg2_binary-2.9.12-cp312-cp312-musllinux_1_2_aarch64.whl", hash = "sha256:612b965daee295ae2da8f8218ce1d274645dc76ef3f1abf6a0a94fd57eff876d"},
    {file = "psycopg2_binary-2.9.12-cp312-cp312-musllinux_1_2_ppc64le.whl", hash = "sha256:b9a339b79d37c1b45f3235265f07cdeb0cb5ad7acd2ac7720a5920989c17c24e"},
    {file = "psycopg2_binary-2.9.12-cp312-cp312-musllinux_1_2_riscv64.whl", hash = "sha256:3471336e1acfd9c7fe507b8bad5af9317b6a89294f9eb37bd9a030bb7bebcdc6"},
    {file = "psycopg2_binary-2.9.12-cp312-cp312-musllinux_1_2_x86_64.whl", hash = "sha256:7af18183109e23502c8b2ae7f6926c0882766f35b5175a4cd737ad825e4d7a1b"},
    {file = "psycopg2_binary-2.9.12-cp312-cp312-win_amd64.whl", hash = "sha256:398fcd4db988c7d7d3713e2b8e18939776fd3fb447052daae4f24fa39daede4c"},
    {file = "psycopg2_binary-2.9.12-cp313-cp313-macosx_10_13_x86_64.whl", hash = "sha256:7c729a73c7b1b84de3582f73cdd27d905121dc2c531f3d9a3c32a3011033b965"},
    {file = "psycopg2_binary-2.9.12-cp313-cp313-macosx_11_0_arm64.whl", hash = "sha256:4413d0caef93c5cf50b96863df4c2efe8c269bf2267df353225595e7e15e8df7"},
    {file = "psycopg2_binary-2.9.12-cp313-cp313-manylinux2014_ppc64le.manylinux_2_17_ppc64le.whl", hash = "sha256:4dfcf8e45ebb0c663be34a3442f65e17311f3367089cd4e5e3a3e8e62c978777"},
    {file = "psycopg2_binary-2.9.12-cp313-cp313-manylinux2014_x86_64.manylinux_2_17_x86_64.whl", hash = "sha256:c41321a14dd74aceb6a9a643b9253a334521babfa763fa873e33d89cfa122fb5"},
    {file = "psycopg2_binary-2.9.12-cp313-cp313-manylinux_2_27_aarch64.manylinux_2_28_aarch64.whl", hash = "sha256:83946ba43979ebfdc99a3cd0ee775c89f221df026984ba19d46133d8d75d3cd9"},
    {file = "psycopg2_binary-2.9.12-cp313-cp313-manylinux_2_38_riscv64.manylinux_2_39_riscv64.whl", hash = "sha256:411e85815652d13560fbe731878daa5d92378c4995a22302071890ec3397d019"},
    {file = "psycopg2_binary-2.9.12-cp313-cp313-musllinux_1_2_aarch64.whl", hash = "sha256:1c8ad4c08e00f7679559eaed7aff1edfffc60c086b976f93972f686384a95e2c"},
    {file = "psycopg2_binary-2.9.12-cp313-cp313-musllinux_1_2_ppc64le.whl", hash = "sha256:00814e40fa23c2b37ef0a1e3c749d89982c73a9cb5046137f0752a22d432e82f"},
    {file = "psycopg2_binary-2.9.12-cp313-cp313-musllinux_1_2_riscv64.whl", hash = "sha256:98062447aebc20ed20add1f547a364fd0ef8933640d5372ff1873f8deb9b61be"},
    {file = "psycopg2_binary-2.9.12-cp313-cp313-musllinux_1_2_x86_64.whl", hash = "sha256:66a7685d7e548f10fb4ce32fb01a7b7f4aa702134de92a292c7bd9e0d3dbd290"},
    {file = "psycopg2_binary-2.9.12-cp313-cp313-win_amd64.whl", hash = "sha256:b6937f5fe4e180aeee87de907a2fa982ded6f7f15d7218f78a083e4e1d68f2a0"},
    {file = "psycopg2_binary-2.9.12-cp314-cp314-macosx_10_15_x86_64.whl", hash = "sha256:6f3b3de8a74ef8db215f22edffb19e32dc6fa41340456de7ec99efdc8a7b3ec2"},
    {file = "psycopg2_binary-2.9.12-cp314-cp314-macosx_11_0_arm64.whl", hash = "sha256:1006fb62f0f0bc5ce256a832356c6262e91be43f5e4eb15b5eaf38079464caf2"},
    {file = "psycopg2_binary-2.9.12-cp314-cp314-manylinux2014_ppc64le.manylinux_2_17_ppc64le.whl", hash = "sha256:840066105706cd2eb29b9a1c2329620056582a4bf3e8169dec5c447042d0869f"},
    {file = "psycopg2_binary-2.9.12-cp314-cp314-manylinux2014_x86_64.manylinux_2_17_x86_64.whl", hash = "sha256:863f5d12241ebe1c76a72a04c2113b6dc905f90b9cef0e9be0efd994affd9354"},
    {file = "psycopg2_binary-2.9.12-cp314-cp314-manylinux_2_27_aarch64.manylinux_2_28_aarch64.whl", hash = "sha256:a99eaab34a9010f1a086b126de467466620a750634d114d20455f3a824aae033"},
    {file = "psycopg2_binary-2.9.12-cp314-cp314-manylinux_2_38_riscv64.manylinux_2_39_riscv64.whl", hash = "sha256:ffdd7dc5463ccd61845ac37b7012d0f35a1548df9febe14f8dd549be4a0bc81e"},
    {file = "psycopg2_binary-2.9.12-cp314-cp314-musllinux_1_2_aarch64.whl", hash = "sha256:54a0dfecab1b48731f934e06139dfe11e24219fb6d0ceb32177cf0375f14c7b5"},
    {file = "psycopg2_binary-2.9.12-cp314-cp314-musllinux_1_2_ppc64le.whl", hash = "sha256:96937c9c5d891f772430f418a7a8b4691a90c3e6b93cf72b5bd7cad8cbca32a5"},
    {file = "psycopg2_binary-2.9.12-cp314-cp314-musllinux_1_2_riscv64.whl", hash = "sha256:77b348775efd4cdab410ec6609d81ccecd1139c90265fa583a7255c8064bc03d"},
    {file = "psycopg2_binary-2.9.12-cp314-cp314-musllinux_1_2_x86_64.whl", hash = "sha256:527e6342b3e44c2f0544f6b8e927d60de7f163f5723b8f1dfa7d2a84298738cd"},
    {file = "psycopg2_binary-2.9.12-cp314-cp314-win_amd64.whl", hash = "sha256:f12ae41fcafadb39b2785e64a40f9db05d6de2ac114077457e0e7c597f3af980"},
    {file = "psycopg2_binary-2.9.12-cp39-cp39-macosx_10_9_x86_64.whl", hash = "sha256:ee2d84ef5eb6c04702d2e9c372ad557fb027f26a5d82804f749dfb14c7fdd2ab"},
    {file = "psycopg2_binary-2.9.12-cp39-cp39-macosx_11_0_arm64.whl", hash = "sha256:cfa2517c94ea3af6deb46f81e1bbd884faa63e28481eb2f889989dd8d95e5f03"},
    {file = "psycopg2_binary-2.9.12-cp39-cp39-manylinux2014_ppc64le.manylinux_2_17_ppc64le.whl", hash = "sha256:ba3df2fc42a1cfa45b72cf096d4acb2b885937eedc61461081d53538d4a82a86"},
    {file = "psycopg2_binary-2.9.12-cp39-cp39-manylinux2014_x86_64.manylinux_2_17_x86_64.whl", hash = "sha256:718e1fc18edf573b02cb8aea868de8d8d33f99ce9620206aa9144b67b0985e94"},
    {file = "psycopg2_binary-2.9.12-cp39-cp39-manylinux_2_27_aarch64.manylinux_2_28_aarch64.whl", hash = "sha256:5c7cb4cbf894a1d36c720d713de507952c7c58f66d30834708f03dbe5c822ccf"},
    {file = "psycopg2_binary-2.9.12-cp39-cp39-manylinux_2_38_riscv64.manylinux_2_39_riscv64.whl", hash = "sha256:049366c6d884bdcd65d66e6ca1fdbebe670b56c6c9ba46f164e6667e90881964"},
    {file = "psycopg2_binary-2.9.12-cp39-cp39-musllinux_1_2_aarch64.whl", hash = "sha256:fb1828cf3da68f99e45ebce1355d65d2d12b6a78fb5dfb16247aad6bdef5f5d2"},
    {file = "psycopg2_binary-2.9.12-cp39-cp39-musllinux_1_2_ppc64le.whl", hash = "sha256:127467c6e476dd876634f17c3d870530e73ff454ff99bff73d36e80af28e1115"},
    {file = "psycopg2_binary-2.9.12-cp39-cp39-musllinux_1_2_riscv64.whl", hash = "sha256:ace94261f43850e9e79f6c56636c5e0147978ab79eda5e5e5ebf13ae146fc8fe"},
    {file = "psycopg2_binary-2.9.12-cp39-cp39-musllinux_1_2_x86_64.whl", hash = "sha256:a7e39a65b7d2a20e4ba2e0aaad1960b61cc2888d6ab047769f8347bd3c9ad915"},
    {file = "psycopg2_binary-2.9.12-cp39-cp39-win_amd64.whl", hash = "sha256:f625abb7020e4af3432d95342daa1aa0db3fa369eed19807aa596367ba791b10"},
    {file = "psycopg2_binary-2.9.12.tar.gz", hash = "sha256:5ac9444edc768c02a6b6a591f070b8aae28ff3a99be57560ac996001580f294c"},
]

[[package]]
name = "ptyprocess"
version = "0.7.0"
description = "Run a subprocess in a pseudo terminal"
optional = false
python-versions = "*"
groups = ["dev"]
markers = "sys_platform != \"win32\" and sys_platform != \"emscripten\""
files = [
    {file = "ptyprocess-0.7.0-py2.py3-none-any.whl", hash = "sha256:4b41f3967fce3af57cc7e94b888626c18bf37a083e3651ca8feeb66d492fef35"},
    {file = "ptyprocess-0.7.0.tar.gz", hash = "sha256:5c5d0a3b48ceee0b48485e0c26037c0acd7d29765ca3fbb5cb3831d347423220"},
]

[[package]]
name = "pudb"
version = "2025.1.5"
description = "A full-screen, console-based Python debugger"
optional = false
python-versions = "~=3.8"
groups = ["dev"]
files = [
    {file = "pudb-2025.1.5-py3-none-any.whl", hash = "sha256:e40c69f102d534cc7b86020c0217e3d424ee81b14a229d068ac122089c301f59"},
    {file = "pudb-2025.1.5.tar.gz", hash = "sha256:e6dedb81fc3c8cdcd66cf62e86337cb913570ebb2c994c9ab52012d059e086ad"},
]

[package.dependencies]
jedi = ">=0.18,<1"
packaging = ">=20.0"
pygments = ">=2.19"
typing-extensions = ">=4.13"
urwid = ">=2.5.1"
urwid-readline = "*"

[package.extras]
completion = ["shtab"]

[[package]]
name = "pure-eval"
version = "0.2.3"
description = "Safely evaluate AST nodes without side effects"
optional = false
python-versions = "*"
groups = ["dev"]
files = [
    {file = "pure_eval-0.2.3-py3-none-any.whl", hash = "sha256:1db8e35b67b3d218d818ae653e27f06c3aa420901fa7b081ca98cbedc874e0d0"},
    {file = "pure_eval-0.2.3.tar.gz", hash = "sha256:5f4e983f40564c576c7c8635ae88db5956bb2229d7e9237d03b3c0b0190eaf42"},
]

[package.extras]
tests = ["pytest"]

[[package]]
name = "pygments"
version = "2.20.0"
description = "Pygments is a syntax highlighting package written in Python."
optional = false
python-versions = ">=3.9"
groups = ["dev"]
files = [
    {file = "pygments-2.20.0-py3-none-any.whl", hash = "sha256:81a9e26dd42fd28a23a2d169d86d7ac03b46e2f8b59ed4698fb4785f946d0176"},
    {file = "pygments-2.20.0.tar.gz", hash = "sha256:6757cd03768053ff99f3039c1a36d6c0aa0b263438fcab17520b30a303a82b5f"},
]

[package.extras]
windows-terminal = ["colorama (>=0.4.6)"]

[[package]]
name = "sqlparse"
version = "0.5.5"
description = "A non-validating SQL parser."
optional = false
python-versions = ">=3.8"
groups = ["main"]
files = [
    {file = "sqlparse-0.5.5-py3-none-any.whl", hash = "sha256:12a08b3bf3eec877c519589833aed092e2444e68240a3577e8e26148acc7b1ba"},
    {file = "sqlparse-0.5.5.tar.gz", hash = "sha256:e20d4a9b0b8585fdf63b10d30066c7c94c5d7a7ec47c889a2d83a3caa93ff28e"},
]

[package.extras]
dev = ["build"]
doc = ["sphinx"]

[[package]]
name = "stack-data"
version = "0.6.3"
description = "Extract data from python stack frames and tracebacks for informative displays"
optional = false
python-versions = "*"
groups = ["dev"]
files = [
    {file = "stack_data-0.6.3-py3-none-any.whl", hash = "sha256:d5558e0c25a4cb0853cddad3d77da9891a08cb85dd9f9f91b9f8cd66e511e695"},
    {file = "stack_data-0.6.3.tar.gz", hash = "sha256:836a778de4fec4dcd1dcd89ed8abff8a221f58308462e1c4aa2a3cf30148f0b9"},
]

[package.dependencies]
asttokens = ">=2.1.0"
executing = ">=1.2.0"
pure-eval = "*"

[package.extras]
tests = ["cython", "littleutils", "pygments", "pytest", "typeguard"]

[[package]]
name = "traitlets"
version = "5.15.1"
description = "Traitlets Python configuration system"
optional = false
python-versions = ">=3.9"
groups = ["dev"]
files = [
    {file = "traitlets-5.15.1-py3-none-any.whl", hash = "sha256:770a53705f84b81ac107e83a1b3328ff2dae16094d8fc3cfc004e4b22dfd8e92"},
    {file = "traitlets-5.15.1.tar.gz", hash = "sha256:7b1c07854fe25acb39e009bae49f11b79ff6cbb2f27999104e9110e7a6b53722"},
]

[package.extras]
docs = ["myst-parser", "pydata-sphinx-theme", "sphinx"]
test = ["argcomplete (>=3.0.3)", "mypy (>=1.17.0,<1.19)", "pre-commit", "pytest (>=7.0,<8.2)", "pytest-mock", "pytest-mypy-testing"]

[[package]]
name = "typing-extensions"
version = "4.16.0"
description = "Backported and Experimental Type Hints for Python 3.9+"
optional = false
python-versions = ">=3.9"
groups = ["dev"]
files = [
    {file = "typing_extensions-4.16.0-py3-none-any.whl", hash = "sha256:481caa481374e813c1b176ada14e97f1f67a4539ce9cfeb3f350d78d6370c2e8"},
    {file = "typing_extensions-4.16.0.tar.gz", hash = "sha256:dc983d19a509c94dba722ee6abd33940f7c05a89e243c47e907eb4db6f1a43e5"},
]

[[package]]
name = "tzdata"
version = "2026.2"
description = "Provider of IANA time zone data"
optional = false
python-versions = ">=2"
groups = ["main"]
markers = "sys_platform == \"win32\""
files = [
    {file = "tzdata-2026.2-py2.py3-none-any.whl", hash = "sha256:bbe9af844f658da81a5f95019480da3a89415801f6cc966806612cc7169bffe7"},
    {file = "tzdata-2026.2.tar.gz", hash = "sha256:9173fde7d80d9018e02a662e168e5a2d04f87c41ea174b139fbef642eda62d10"},
]

[[package]]
name = "urwid"
version = "4.0.3"
description = "A full-featured console (xterm et al.) user interface library"
optional = false
python-versions = ">=3.9.0"
groups = ["dev"]
files = [
    {file = "urwid-4.0.3-py3-none-any.whl", hash = "sha256:4fdab0874e6df5c8315811be49627c62e208f776951d6704bd00133a0688a08c"},
    {file = "urwid-4.0.3.tar.gz", hash = "sha256:0f9a1d9b51a529f04c363d04c53dc446dada47a9eab641a82244ff9d1fe5029b"},
]

[package.dependencies]
typing-extensions = "*"
wcwidth = ">=0.4"

[package.extras]
curses = ["windows-curses ; sys_platform == \"win32\""]
glib = ["pygobject"]
lcd = ["pyserial"]
serial = ["pyserial"]
tornado = ["tornado (>=5.0)"]
trio = ["exceptiongroup ; python_version < \"3.11\"", "trio (>=0.24.0)"]
twisted = ["twisted"]
zmq = ["zmq"]

[[package]]
name = "urwid-readline"
version = "0.15.1"
description = "A textbox edit widget for urwid that supports readline shortcuts"
optional = false
python-versions = "*"
groups = ["dev"]
files = [
    {file = "urwid_readline-0.15.1.tar.gz", hash = "sha256:9301444b86d58f7d26388506b704f142cefd193888488b4070d3a0fdfcfc0f84"},
]

[package.dependencies]
urwid = "*"

[package.extras]
dev = ["black", "pytest"]

[[package]]
name = "wcwidth"
version = "0.8.2"
description = "Measures the displayed width of unicode strings in a terminal"
optional = false
python-versions = ">=3.8"
groups = ["dev"]
files = [
    {file = "wcwidth-0.8.2-py3-none-any.whl", hash = "sha256:d63947694a0539a1d51e01eda7caf800c291020e6cdd7e28ad7b14dd33ad4f85"},
    {file = "wcwidth-0.8.2.tar.gz", hash = "sha256:91fbef97204b96a3d4d421609b80340b760cf33e26da123ff243d76b1fda8dda"},
]

[[package]]
name = "whitenoise"
version = "6.12.0"
description = "Radically simplified static file serving for WSGI applications"
optional = false
python-versions = ">=3.10"
groups = ["main"]
files = [
    {file = "whitenoise-6.12.0-py3-none-any.whl", hash = "sha256:fc5e8c572e33ebf24795b47b6a7da8da3c00cff2349f5b04c02f28d0cc5a3cc2"},
    {file = "whitenoise-6.12.0.tar.gz", hash = "sha256:f723ebb76a112e98816ff80fcea0a6c9b8ecde835f8ddda25df7a30a3c2db6ad"},
]

[package.extras]
brotli = ["brotli"]

[metadata]
lock-version = "2.1"
python-versions = ">=3.13,<4"
content-hash = "61470326b40a984a8569dec62925459877b2e32f7be52e0a0e7c17e78ea2ce8f"
